
Microsoft Visual Studio Solution File, Format Version 12.00
# Visual Studio Version 17
VisualStudioVersion = 17.3.32804.467
MinimumVisualStudioVersion = 10.0.40219.1
Project("{FAE04EC0-301F-11D3-BF4B-00C04F79EFBC}") = "ProyectoTableroV2.InterfazGrafica", "ProyectoTableroV2.InterfazGrafica\ProyectoTableroV2.InterfazGrafica.csproj", "{4A02B144-A461-4A3D-AC17-522E6F7CE11F}"
EndProject
Project("{FAE04EC0-301F-11D3-BF4B-00C04F79EFBC}") = "ProyectoTableroV2.Dominio", "ProyectoTableroV2.Dominio\ProyectoTableroV2.Dominio.csproj", "{042CFBEA-B775-4717-94BF-5FD4C65C3265}"
EndProject
Global
	GlobalSection(SolutionConfigurationPlatforms) = preSolution
		Debug|Any CPU = Debug|Any CPU
		Release|Any CPU = Release|Any CPU
	EndGlobalSection
	GlobalSection(ProjectConfigurationPlatforms) = postSolution
		{4A02B144-A461-4A3D-AC17-522E6F7CE11F}.Debug|Any CPU.ActiveCfg = Debug|Any CPU
		{4A02B144-A461-4A3D-AC17-522E6F7CE11F}.Debug|Any CPU.Build.0 = Debug|Any CPU
		{4A02B144-A461-4A3D-AC17-522E6F7CE11F}.Release|Any CPU.ActiveCfg = Release|Any CPU
		{4A02B144-A461-4A3D-AC17-522E6F7CE11F}.Release|Any CPU.Build.0 = Release|Any CPU
		{042CFBEA-B775-4717-94BF-5FD4C65C3265}.Debug|Any CPU.ActiveCfg = Debug|Any CPU
		{042CFBEA-B775-4717-94BF-5FD4C65C3265}.Debug|Any CPU.Build.0 = Debug|Any CPU
		{042CFBEA-B775-4717-94BF-5FD4C65C3265}.Release|Any CPU.ActiveCfg = Release|Any CPU
		{042CFBEA-B775-4717-94BF-5FD4C65C3265}.Release|Any CPU.Build.0 = Release|Any CPU
	EndGlobalSection
	GlobalSection(SolutionProperties) = preSolution
		HideSolutionNode = FALSE
	EndGlobalSection
	GlobalSection(ExtensibilityGlobals) = postSolution
		SolutionGuid = {2193C39E-5A03-4794-B399-EC704FD5F780}
	EndGlobalSection
EndGlobal
